// !$*UTF8*$!
{
	archiveVersion = 1;
	classes = {
	};
	objectVersion = 46;
	objects = {

/* Begin PBXBuildFile section */
		2F96E7B11A4B300300F23282 /* AppDelegate.swift in Sources */ = {isa = PBXBuildFile; fileRef = 2F96E7B01A4B300300F23282 /* AppDelegate.swift */; };
		2F96E7B31A4B300300F23282 /* ViewController.swift in Sources */ = {isa = PBXBuildFile; fileRef = 2F96E7B21A4B300300F23282 /* ViewController.swift */; };
		2F96E7B61A4B300300F23282 /* Main.storyboard in Resources */ = {isa = PBXBuildFile; fileRef = 2F96E7B41A4B300300F23282 /* Main.storyboard */; };
		2F96E7B81A4B300300F23282 /* Images.xcassets in Resources */ = {isa = PBXBuildFile; fileRef = 2F96E7B71A4B300300F23282 /* Images.xcassets */; };
		2F96E7BB1A4B300300F23282 /* LaunchScreen.xib in Resources */ = {isa = PBXBuildFile; fileRef = 2F96E7B91A4B300300F23282 /* LaunchScreen.xib */; };
		2F96E7C71A4B300300F23282 /* PostcardTests.swift in Sources */ = {isa = PBXBuildFile; fileRef = 2F96E7C61A4B300300F23282 /* PostcardTests.swift */; };
		2F96E7D11A4B42D100F23282 /* IMG_0706.jpg in Resources */ = {isa = PBXBuildFile; fileRef = 2F96E7D01A4B42D100F23282 /* IMG_0706.jpg */; };
		2F96E7D31A4B471200F23282 /* AlbertEinstein.jpg in Resources */ = {isa = PBXBuildFile; fileRef = 2F96E7D21A4B471200F23282 /* AlbertEinstein.jpg */; };
/* End PBXBuildFile section */

/* Begin PBXContainerItemProxy section */
		2F96E7C11A4B300300F23282 /* PBXContainerItemProxy */ = {
			isa = PBXContainerItemProxy;
			containerPortal = 2F96E7A31A4B300300F23282 /* Project object */;
			proxyType = 1;
			remoteGlobalIDString = 2F96E7AA1A4B300300F23282;
			remoteInfo = Postcard;
		};
/* End PBXContainerItemProxy section */

/* Begin PBXFileReference section */
		2F96E7AB1A4B300300F23282 /* Postcard.app */ = {isa = PBXFileReference; explicitFileType = wrapper.application; includeInIndex = 0; path = Postcard.app; sourceTree = BUILT_PRODUCTS_DIR; };
		2F96E7AF1A4B300300F23282 /* Info.plist */ = {isa = PBXFileReference; lastKnownFileType = text.plist.xml; path = Info.plist; sourceTree = "<group>"; };
		2F96E7B01A4B300300F23282 /* AppDelegate.swift */ = {isa = PBXFileReference; lastKnownFileType = sourcecode.swift; path = AppDelegate.swift; sourceTree = "<group>"; };
		2F96E7B21A4B300300F23282 /* ViewController.swift */ = {isa = PBXFileReference; lastKnownFileType = sourcecode.swift; path = ViewController.swift; sourceTree = "<group>"; };
		2F96E7B51A4B300300F23282 /* Base */ = {isa = PBXFileReference; lastKnownFileType = file.storyboard; name = Base; path = Base.lproj/Main.storyboard; sourceTree = "<group>"; };
		2F96E7B71A4B300300F23282 /* Images.xcassets */ = {isa = PBXFileReference; lastKnownFileType = folder.assetcatalog; path = Images.xcassets; sourceTree = "<group>"; };
		2F96E7BA1A4B300300F23282 /* Base */ = {isa = PBXFileReference; lastKnownFileType = file.xib; name = Base; path = Base.lproj/LaunchScreen.xib; sourceTree = "<group>"; };
		2F96E7C01A4B300300F23282 /* PostcardTests.xctest */ = {isa = PBXFileReference; explicitFileType = wrapper.cfbundle; includeInIndex = 0; path = PostcardTests.xctest; sourceTree = BUILT_PRODUCTS_DIR; };
		2F96E7C51A4B300300F23282 /* Info.plist */ = {isa = PBXFileReference; lastKnownFileType = text.plist.xml; path = Info.plist; sourceTree = "<group>"; };
		2F96E7C61A4B300300F23282 /* PostcardTests.swift */ = {isa = PBXFileReference; lastKnownFileType = sourcecode.swift; path = PostcardTests.swift; sourceTree = "<group>"; };
		2F96E7D01A4B42D100F23282 /* IMG_0706.jpg */ = {isa = PBXFileReference; lastKnownFileType = image.jpeg; path = IMG_0706.jpg; sourceTree = "<group>"; };
		2F96E7D21A4B471200F23282 /* AlbertEinstein.jpg */ = {isa = PBXFileReference; lastKnownFileType = image.jpeg; path = AlbertEinstein.jpg; sourceTree = "<group>"; };
/* End PBXFileReference section */

/* Begin PBXFrameworksBuildPhase section */
		2F96E7A81A4B300300F23282 /* Frameworks */ = {
			isa = PBXFrameworksBuildPhase;
			buildActionMask = 2147483647;
			files = (
			);
			runOnlyForDeploymentPostprocessing = 0;
		};
		2F96E7BD1A4B300300F23282 /* Frameworks */ = {
			isa = PBXFrameworksBuildPhase;
			buildActionMask = 2147483647;
			files = (
			);
			runOnlyForDeploymentPostprocessing = 0;
		};
/* End PBXFrameworksBuildPhase section */

/* Begin PBXGroup section */
		2F96E7A21A4B300300F23282 = {
			isa = PBXGroup;
			children = (
				2F96E7AD1A4B300300F23282 /* Postcard */,
				2F96E7C31A4B300300F23282 /* PostcardTests */,
				2F96E7AC1A4B300300F23282 /* Products */,
			);
			sourceTree = "<group>";
		};
		2F96E7AC1A4B300300F23282 /* Products */ = {
			isa = PBXGroup;
			children = (
				2F96E7AB1A4B300300F23282 /* Postcard.app */,
				2F96E7C01A4B300300F23282 /* PostcardTests.xctest */,
			);
			name = Products;
			sourceTree = "<group>";
		};
		2F96E7AD1A4B300300F23282 /* Postcard */ = {
			isa = PBXGroup;
			children = (
				2F96E7B01A4B300300F23282 /* AppDelegate.swift */,
				2F96E7B21A4B300300F23282 /* ViewController.swift */,
				2F96E7B41A4B300300F23282 /* Main.storyboard */,
				2F96E7B71A4B300300F23282 /* Images.xcassets */,
				2F96E7B91A4B300300F23282 /* LaunchScreen.xib */,
				2F96E7AE1A4B300300F23282 /* Supporting Files */,
			);
			path = Postcard;
			sourceTree = "<group>";
		};
		2F96E7AE1A4B300300F23282 /* Supporting Files */ = {
			isa = PBXGroup;
			children = (
				2F96E7D21A4B471200F23282 /* AlbertEinstein.jpg */,
				2F96E7D01A4B42D100F23282 /* IMG_0706.jpg */,
				2F96E7AF1A4B300300F23282 /* Info.plist */,
			);
			name = "Supporting Files";
			sourceTree = "<group>";
		};
		2F96E7C31A4B300300F23282 /* PostcardTests */ = {
			isa = PBXGroup;
			children = (
				2F96E7C61A4B300300F23282 /* PostcardTests.swift */,
				2F96E7C41A4B300300F23282 /* Supporting Files */,
			);
			path = PostcardTests;
			sourceTree = "<group>";
		};
		2F96E7C41A4B300300F23282 /* Supporting Files */ = {
			isa = PBXGroup;
			children = (
				2F96E7C51A4B300300F23282 /* Info.plist */,
			);
			name = "Supporting Files";
			sourceTree = "<group>";
		};
/* End PBXGroup section */

/* Begin PBXNativeTarget section */
		2F96E7AA1A4B300300F23282 /* Postcard */ = {
			isa = PBXNativeTarget;
			buildConfigurationList = 2F96E7CA1A4B300300F23282 /* Build configuration list for PBXNativeTarget "Postcard" */;
			buildPhases = (
				2F96E7A71A4B300300F23282 /* Sources */,
				2F96E7A81A4B300300F23282 /* Frameworks */,
				2F96E7A91A4B300300F23282 /* Resources */,
			);
			buildRules = (
			);
			dependencies = (
			);
			name = Postcard;
			productName = Postcard;
			productReference = 2F96E7AB1A4B300300F23282 /* Postcard.app */;
			productType = "com.apple.product-type.application";
		};
		2F96E7BF1A4B300300F23282 /* PostcardTests */ = {
			isa = PBXNativeTarget;
			buildConfigurationList = 2F96E7CD1A4B300300F23282 /* Build configuration list for PBXNativeTarget "PostcardTests" */;
			buildPhases = (
				2F96E7BC1A4B300300F23282 /* Sources */,
				2F96E7BD1A4B300300F23282 /* Frameworks */,
				2F96E7BE1A4B300300F23282 /* Resources */,
			);
			buildRules = (
			);
			dependencies = (
				2F96E7C21A4B300300F23282 /* PBXTargetDependency */,
			);
			name = PostcardTests;
			productName = PostcardTests;
			productReference = 2F96E7C01A4B300300F23282 /* PostcardTests.xctest */;
			productType = "com.apple.product-type.bundle.unit-test";
		};
/* End PBXNativeTarget section */

/* Begin PBXProject section */
		2F96E7A31A4B300300F23282 /* Project object */ = {
			isa = PBXProject;
			attributes = {
				LastUpgradeCheck = 0610;
				ORGANIZATIONNAME = "Robert Kim";
				TargetAttributes = {
					2F96E7AA1A4B300300F23282 = {
						CreatedOnToolsVersion = 6.1.1;
					};
					2F96E7BF1A4B300300F23282 = {
						CreatedOnToolsVersion = 6.1.1;
						TestTargetID = 2F96E7AA1A4B300300F23282;
					};
				};
			};
			buildConfigurationList = 2F96E7A61A4B300300F23282 /* Build configuration list for PBXProject "Postcard" */;
			compatibilityVersion = "Xcode 3.2";
			developmentRegion = English;
			hasScannedForEncodings = 0;
			knownRegions = (
				en,
				Base,
			);
			mainGroup = 2F96E7A21A4B300300F23282;
			productRefGroup = 2F96E7AC1A4B300300F23282 /* Products */;
			projectDirPath = "";
			projectRoot = "";
			targets = (
				2F96E7AA1A4B300300F23282 /* Postcard */,
				2F96E7BF1A4B300300F23282 /* PostcardTests */,
			);
		};
/* End PBXProject section */

/* Begin PBXResourcesBuildPhase section */
		2F96E7A91A4B300300F23282 /* Resources */ = {
			isa = PBXResourcesBuildPhase;
			buildActionMask = 2147483647;
			files = (
				2F96E7D11A4B42D100F23282 /* IMG_0706.jpg in Resources */,
				2F96E7B61A4B300300F23282 /* Main.storyboard in Resources */,
				2F96E7BB1A4B300300F23282 /* LaunchScreen.xib in Resources */,
				2F96E7D31A4B471200F23282 /* AlbertEinstein.jpg in Resources */,
				2F96E7B81A4B300300F23282 /* Images.xcassets in Resources */,
			);
			runOnlyForDeploymentPostprocessing = 0;
		};
		2F96E7BE1A4B300300F23282 /* Resources */ = {
			isa = PBXResourcesBuildPhase;
			buildActionMask = 2147483647;
			files = (
			);
			runOnlyForDeploymentPostprocessing = 0;
		};
/* End PBXResourcesBuildPhase section */

/* Begin PBXSourcesBuildPhase section */
		2F96E7A71A4B300300F23282 /* Sources */ = {
			isa = PBXSourcesBuildPhase;
			buildActionMask = 2147483647;
			files = (
				2F96E7B31A4B300300F23282 /* ViewController.swift in Sources */,
				2F96E7B11A4B300300F23282 /* AppDelegate.swift in Sources */,
			);
			runOnlyForDeploymentPostprocessing = 0;
		};
		2F96E7BC1A4B300300F23282 /* Sources */ = {
			isa = PBXSourcesBuildPhase;
			buildActionMask = 2147483647;
			files = (
				2F96E7C71A4B300300F23282 /* PostcardTests.swift in Sources */,
			);
			runOnlyForDeploymentPostprocessing = 0;
		};
/* End PBXSourcesBuildPhase section */

/* Begin PBXTargetDependency section */
		2F96E7C21A4B300300F23282 /* PBXTargetDependency */ = {
			isa = PBXTargetDependency;
			target = 2F96E7AA1A4B300300F23282 /* Postcard */;
			targetProxy = 2F96E7C11A4B300300F23282 /* PBXContainerItemProxy */;
		};
/* End PBXTargetDependency section */

/* Begin PBXVariantGroup section */
		2F96E7B41A4B300300F23282 /* Main.storyboard */ = {
			isa = PBXVariantGroup;
			children = (
				2F96E7B51A4B300300F23282 /* Base */,
			);
			name = Main.storyboard;
			sourceTree = "<group>";
		};
		2F96E7B91A4B300300F23282 /* LaunchScreen.xib */ = {
			isa = PBXVariantGroup;
			children = (
				2F96E7BA1A4B300300F23282 /* Base */,
			);
			name = LaunchScreen.xib;
			sourceTree = "<group>";
		};
/* End PBXVariantGroup section */

/* Begin XCBuildConfiguration section */
		2F96E7C81A4B300300F23282 /* Debug */ = {
			isa = XCBuildConfiguration;
			buildSettings = {
				ALWAYS_SEARCH_USER_PATHS = NO;
				CLANG_CXX_LANGUAGE_STANDARD = "gnu++0x";
				CLANG_CXX_LIBRARY = "libc++";
				CLANG_ENABLE_MODULES = YES;
				CLANG_ENABLE_OBJC_ARC = YES;
				CLANG_WARN_BOOL_CONVERSION = YES;
				CLANG_WARN_CONSTANT_CONVERSION = YES;
				CLANG_WARN_DIRECT_OBJC_ISA_USAGE = YES_ERROR;
				CLANG_WARN_EMPTY_BODY = YES;
				CLANG_WARN_ENUM_CONVERSION = YES;
				CLANG_WARN_INT_CONVERSION = YES;
				CLANG_WARN_OBJC_ROOT_CLASS = YES_ERROR;
				CLANG_WARN_UNREACHABLE_CODE = YES;
				CLANG_WARN__DUPLICATE_METHOD_MATCH = YES;
				"CODE_SIGN_IDENTITY[sdk=iphoneos*]" = "iPhone Developer";
				COPY_PHASE_STRIP = NO;
				ENABLE_STRICT_OBJC_MSGSEND = YES;
				GCC_C_LANGUAGE_STANDARD = gnu99;
				GCC_DYNAMIC_NO_PIC = NO;
				GCC_OPTIMIZATION_LEVEL = 0;
				GCC_PREPROCESSOR_DEFINITIONS = (
					"DEBUG=1",
					"$(inherited)",
				);
				GCC_SYMBOLS_PRIVATE_EXTERN = NO;
				GCC_WARN_64_TO_32_BIT_CONVERSION = YES;
				GCC_WARN_ABOUT_RETURN_TYPE = YES_ERROR;
				GCC_WARN_UNDECLARED_SELECTOR = YES;
				GCC_WARN_UNINITIALIZED_AUTOS = YES_AGGRESSIVE;
				GCC_WARN_UNUSED_FUNCTION = YES;
				GCC_WARN_UNUSED_VARIABLE = YES;
				IPHONEOS_DEPLOYMENT_TARGET = 8.1;
				MTL_ENABLE_DEBUG_INFO = YES;
				ONLY_ACTIVE_ARCH = YES;
				SDKROOT = iphoneos;
				SWIFT_OPTIMIZATION_LEVEL = "-Onone";
				TARGETED_DEVICE_FAMILY = "1,2";
			};
			name = Debug;
		};
		2F96E7C91A4B300300F23282 /* Release */ = {
			isa = XCBuildConfiguration;
			buildSettings = {
				ALWAYS_SEARCH_USER_PATHS = NO;
				CLANG_CXX_LANGUAGE_STANDARD = "gnu++0x";
				CLANG_CXX_LIBRARY = "libc++";
				CLANG_ENABLE_MODULES = YES;
				CLANG_ENABLE_OBJC_ARC = YES;
				CLANG_WARN_BOOL_CONVERSION = YES;
				CLANG_WARN_CONSTANT_CONVERSION = YES;
				CLANG_WARN_DIRECT_OBJC_ISA_USAGE = YES_ERROR;
				CLANG_WARN_EMPTY_BODY = YES;
				CLANG_WARN_ENUM_CONVERSION = YES;
				CLANG_WARN_INT_CONVERSION = YES;
				CLANG_WARN_OBJC_ROOT_CLASS = YES_ERROR;
				CLANG_WARN_UNREACHABLE_CODE = YES;
				CLANG_WARN__DUPLICATE_METHOD_MATCH = YES;
				"CODE_SIGN_IDENTITY[sdk=iphoneos*]" = "iPhone Developer";
				COPY_PHASE_STRIP = YES;
				ENABLE_NS_ASSERTIONS = NO;
				ENABLE_STRICT_OBJC_MSGSEND = YES;
				GCC_C_LANGUAGE_STANDARD = gnu99;
				GCC_WARN_64_TO_32_BIT_CONVERSION = YES;
				GCC_WARN_ABOUT_RETURN_TYPE = YES_ERROR;
				GCC_WARN_UNDECLARED_SELECTOR = YES;
				GCC_WARN_UNINITIALIZED_AUTOS = YES_AGGRESSIVE;
				GCC_WARN_UNUSED_FUNCTION = YES;
				GCC_WARN_UNUSED_VARIABLE = YES;
				IPHONEOS_DEPLOYMENT_TARGET = 8.1;
				MTL_ENABLE_DEBUG_INFO = NO;
				SDKROOT = iphoneos;
				TARGETED_DEVICE_FAMILY = "1,2";
				VALIDATE_PRODUCT = YES;
			};
			name = Release;
		};
		2F96E7CB1A4B300300F23282 /* Debug */ = {
			isa = XCBuildConfiguration;
			buildSettings = {
				ASSETCATALOG_COMPILER_APPICON_NAME = AppIcon;
				INFOPLIST_FILE = Postcard/Info.plist;
				LD_RUNPATH_SEARCH_PATHS = "$(inherited) @executable_path/Frameworks";
				PRODUCT_NAME = "$(TARGET_NAME)";
			};
			name = Debug;
		};
		2F96E7CC1A4B300300F23282 /* Release */ = {
			isa = XCBuildConfiguration;
			buildSettings = {
				ASSETCATALOG_COMPILER_APPICON_NAME = AppIcon;
				INFOPLIST_FILE = Postcard/Info.plist;
				LD_RUNPATH_SEARCH_PATHS = "$(inherited) @executable_path/Frameworks";
				PRODUCT_NAME = "$(TARGET_NAME)";
			};
			name = Release;
		};
		2F96E7CE1A4B300300F23282 /* Debug */ = {
			isa = XCBuildConfiguration;
			buildSettings = {
				BUNDLE_LOADER = "$(TEST_HOST)";
				FRAMEWORK_SEARCH_PATHS = (
					"$(SDKROOT)/Developer/Library/Frameworks",
					"$(inherited)",
				);
				GCC_PREPROCESSOR_DEFINITIONS = (
					"DEBUG=1",
					"$(inherited)",
				);
				INFOPLIST_FILE = PostcardTests/Info.plist;
				LD_RUNPATH_SEARCH_PATHS = "$(inherited) @executable_path/Frameworks @loader_path/Frameworks";
				PRODUCT_NAME = "$(TARGET_NAME)";
				TEST_HOST = "$(BUILT_PRODUCTS_DIR)/Postcard.app/Postcard";
			};
			name = Debug;
		};
		2F96E7CF1A4B300300F23282 /* Release */ = {
			isa = XCBuildConfiguration;
			buildSettings = {
				BUNDLE_LOADER = "$(TEST_HOST)";
				FRAMEWORK_SEARCH_PATHS = (
					"$(SDKROOT)/Developer/Library/Frameworks",
					"$(inherited)",
				);
				INFOPLIST_FILE = PostcardTests/Info.plist;
				LD_RUNPATH_SEARCH_PATHS = "$(inherited) @executable_path/Frameworks @loader_path/Frameworks";
				PRODUCT_NAME = "$(TARGET_NAME)";
				TEST_HOST = "$(BUILT_PRODUCTS_DIR)/Postcard.app/Postcard";
			};
			name = Release;
		};
/* End XCBuildConfiguration section */

/* Begin XCConfigurationList section */
		2F96E7A61A4B300300F23282 /* Build configuration list for PBXProject "Postcard" */ = {
			isa = XCConfigurationList;
			buildConfigurations = (
				2F96E7C81A4B300300F23282 /* Debug */,
				2F96E7C91A4B300300F23282 /* Release */,
			);
			defaultConfigurationIsVisible = 0;
			defaultConfigurationName = Release;
		};
		2F96E7CA1A4B300300F23282 /* Build configuration list for PBXNativeTarget "Postcard" */ = {
			isa = XCConfigurationList;
			buildConfigurations = (
				2F96E7CB1A4B300300F23282 /* Debug */,
				2F96E7CC1A4B300300F23282 /* Release */,
			);
			defaultConfigurationIsVisible = 0;
		};
		2F96E7CD1A4B300300F23282 /* Build configuration list for PBXNativeTarget "PostcardTests" */ = {
			isa = XCConfigurationList;
			buildConfigurations = (
				2F96E7CE1A4B300300F23282 /* Debug */,
				2F96E7CF1A4B300300F23282 /* Release */,
			);
			defaultConfigurationIsVisible = 0;
		};
/* End XCConfigurationList section */
	};
	rootObject = 2F96E7A31A4B300300F23282 /* Project object */;
}
